
Microsoft Visual Studio Solution File, Format Version 12.00
# Visual Studio Version 17
VisualStudioVersion = 17.0.32014.148
MinimumVisualStudioVersion = 10.0.40219.1
Project("{FAE04EC0-301F-11D3-BF4B-00C04F79EFBC}") = "TakeBlipChatBotAPI", "TakeBlipChatBotAPI.csproj", "{4AB1A066-973E-4626-B909-64BF7BF61F19}"
EndProject
Global
	GlobalSection(SolutionConfigurationPlatforms) = preSolution
		Debug|Any CPU = Debug|Any CPU
		Release|Any CPU = Release|Any CPU
	EndGlobalSection
	GlobalSection(ProjectConfigurationPlatforms) = postSolution
		{4AB1A066-973E-4626-B909-64BF7BF61F19}.Debug|Any CPU.ActiveCfg = Debug|Any CPU
		{4AB1A066-973E-4626-B909-64BF7BF61F19}.Debug|Any CPU.Build.0 = Debug|Any CPU
		{4AB1A066-973E-4626-B909-64BF7BF61F19}.Release|Any CPU.ActiveCfg = Release|Any CPU
		{4AB1A066-973E-4626-B909-64BF7BF61F19}.Release|Any CPU.Build.0 = Release|Any CPU
	EndGlobalSection
	GlobalSection(SolutionProperties) = preSolution
		HideSolutionNode = FALSE
	EndGlobalSection
	GlobalSection(ExtensibilityGlobals) = postSolution
		SolutionGuid = {DDC2A793-0531-4FAA-A48A-F2ABF62AC866}
	EndGlobalSection
EndGlobal
